
Microsoft Visual Studio Solution File, Format Version 12.00
# Visual Studio Version 17
VisualStudioVersion = 17.6.33712.159
MinimumVisualStudioVersion = 10.0.40219.1
Project("{9A19103F-16F7-4668-BE54-9A1E7A4F7556}") = "C#TestInt", "C#TestInt\C#TestInt.csproj", "{89FD106F-390B-4E00-9862-B64970671BF3}"
EndProject
Project("{9A19103F-16F7-4668-BE54-9A1E7A4F7556}") = "TwoDimensionalArrayDemo", "TwoDimensionalArrayDemo\TwoDimensionalArrayDemo.csproj", "{AEC03C1B-FB4A-4332-833E-461243288151}"
EndProject
Project("{FAE04EC0-301F-11D3-BF4B-00C04F79EFBC}") = "Tree Construcutor", "Tree Construcutor\Tree Construcutor.csproj", "{2D12CFE9-9155-491A-97EA-CE1566F6E767}"
EndProject
Global
	GlobalSection(SolutionConfigurationPlatforms) = preSolution
		Debug|Any CPU = Debug|Any CPU
		Release|Any CPU = Release|Any CPU
	EndGlobalSection
	GlobalSection(ProjectConfigurationPlatforms) = postSolution
		{89FD106F-390B-4E00-9862-B64970671BF3}.Debug|Any CPU.ActiveCfg = Debug|Any CPU
		{89FD106F-390B-4E00-9862-B64970671BF3}.Debug|Any CPU.Build.0 = Debug|Any CPU
		{89FD106F-390B-4E00-9862-B64970671BF3}.Release|Any CPU.ActiveCfg = Release|Any CPU
		{89FD106F-390B-4E00-9862-B64970671BF3}.Release|Any CPU.Build.0 = Release|Any CPU
		{AEC03C1B-FB4A-4332-833E-461243288151}.Debug|Any CPU.ActiveCfg = Debug|Any CPU
		{AEC03C1B-FB4A-4332-833E-461243288151}.Debug|Any CPU.Build.0 = Debug|Any CPU
		{AEC03C1B-FB4A-4332-833E-461243288151}.Release|Any CPU.ActiveCfg = Release|Any CPU
		{AEC03C1B-FB4A-4332-833E-461243288151}.Release|Any CPU.Build.0 = Release|Any CPU
		{2D12CFE9-9155-491A-97EA-CE1566F6E767}.Debug|Any CPU.ActiveCfg = Debug|Any CPU
		{2D12CFE9-9155-491A-97EA-CE1566F6E767}.Debug|Any CPU.Build.0 = Debug|Any CPU
		{2D12CFE9-9155-491A-97EA-CE1566F6E767}.Release|Any CPU.ActiveCfg = Release|Any CPU
		{2D12CFE9-9155-491A-97EA-CE1566F6E767}.Release|Any CPU.Build.0 = Release|Any CPU
	EndGlobalSection
	GlobalSection(SolutionProperties) = preSolution
		HideSolutionNode = FALSE
	EndGlobalSection
	GlobalSection(ExtensibilityGlobals) = postSolution
		SolutionGuid = {E297122A-BA3B-423B-A45E-FB4F1B8AF18B}
	EndGlobalSection
EndGlobal
